
Microsoft Visual Studio Solution File, Format Version 12.00
# Visual Studio Version 16
VisualStudioVersion = 16.0.28922.388
MinimumVisualStudioVersion = 10.0.40219.1
Project("{FAE04EC0-301F-11D3-BF4B-00C04F79EFBC}") = "PizzaOrderTaishaunJ", "PizzaOrderTaishaunJ\PizzaOrderTaishaunJ.csproj", "{78491CF1-78D0-48BF-AA66-B7C91B96EE90}"
EndProject
Global
	GlobalSection(SolutionConfigurationPlatforms) = preSolution
		Debug|Any CPU = Debug|Any CPU
		Release|Any CPU = Release|Any CPU
	EndGlobalSection
	GlobalSection(ProjectConfigurationPlatforms) = postSolution
		{78491CF1-78D0-48BF-AA66-B7C91B96EE90}.Debug|Any CPU.ActiveCfg = Debug|Any CPU
		{78491CF1-78D0-48BF-AA66-B7C91B96EE90}.Debug|Any CPU.Build.0 = Debug|Any CPU
		{78491CF1-78D0-48BF-AA66-B7C91B96EE90}.Release|Any CPU.ActiveCfg = Release|Any CPU
		{78491CF1-78D0-48BF-AA66-B7C91B96EE90}.Release|Any CPU.Build.0 = Release|Any CPU
	EndGlobalSection
	GlobalSection(SolutionProperties) = preSolution
		HideSolutionNode = FALSE
	EndGlobalSection
	GlobalSection(ExtensibilityGlobals) = postSolution
		SolutionGuid = {5E54D30E-49CA-4E88-B984-B74BE2A4B599}
	EndGlobalSection
EndGlobal
